{
  "name": "web-validate",
  "version": "0.4.1",
  "lockfileVersion": 1,
  "requires": true,
  "dependencies": {
    "@types/node": {
      "version": "14.14.41",
      "resolved": "https://registry.npmjs.org/@types/node/-/node-14.14.41.tgz",
      "integrity": "sha512-dueRKfaJL4RTtSa7bWeTK1M+VH+Gns73oCgzvYfHZywRCoPSd8EkXBL0mZ9unPTveBn+D9phZBaxuzpwjWkW0g==",
      "dev": true
    },
    "canary-test": {
      "version": "1.1.2",
      "resolved": "https://registry.npmjs.org/canary-test/-/canary-test-1.1.2.tgz",
      "integrity": "sha512-5fyXEWfC504Kt5zI6Le38QnggfGgJmEy/Mt5gnSGksE4Vs45t6ZDv4rYroGxPrQdJBylEEAmaJ3njJpQHwWixg==",
      "dev": true
    },
    "dayjs": {
      "version": "1.6.9",
      "resolved": "https://registry.npmjs.org/dayjs/-/dayjs-1.6.9.tgz",
      "integrity": "sha512-6e9R/dKeERbUuiRoEIcEBTFSnCDHAq7Hzw99fPZMJbee2ZlqDCpvrE9MWWW6QN6nZ2W+Dfa7el9HkeJk7ui9TQ==",
      "dev": true
    },
    "luxon": {
      "version": "1.2.1",
      "resolved": "https://registry.npmjs.org/luxon/-/luxon-1.2.1.tgz",
      "integrity": "sha512-ymX+7rWJjYw6jfmtkLqHJmXo+FYC69icT60x+utlzjIOc/U4SNXljUITwH4C1RDP0ZukWf4apHT/d1Ux/4eHPg==",
      "dev": true
    },
    "moment": {
      "version": "2.29.2",
      "resolved": "https://registry.npmjs.org/moment/-/moment-2.29.2.tgz",
      "integrity": "sha512-UgzG4rvxYpN15jgCmVJwac49h9ly9NurikMWGPdVxm8GZD6XjkKPxDTjQQ43gtGgnV3X0cAyWDdP2Wexoquifg==",
      "dev": true
    },
    "typescript": {
      "version": "4.2.4",
      "resolved": "https://registry.npmjs.org/typescript/-/typescript-4.2.4.tgz",
      "integrity": "sha512-V+evlYHZnQkaz8TRBuxTA92yZBPotr5H+WhQ7bD3hZUndx5tGOa1fuCgeSjxAzM1RiN5IzvadIXTVefuuwZCRg==",
      "dev": true
    }
  }
}
